
Microsoft Visual Studio Solution File, Format Version 12.00
# Visual Studio 2012
Project("{FAE04EC0-301F-11D3-BF4B-00C04F79EFBC}") = "CH01.DependencyProperties", "CH01.DependencyProperties\CH01.DependencyProperties.csproj", "{16EB236B-5CCB-4CCE-99B2-5F27BA42206A}"
EndProject
Project("{FAE04EC0-301F-11D3-BF4B-00C04F79EFBC}") = "CH01.CustomTypes", "CH01.CustomTypes\CH01.CustomTypes.csproj", "{706AD56F-FB99-4D21-BFDB-F5C4F77CC5D3}"
EndProject
Project("{FAE04EC0-301F-11D3-BF4B-00C04F79EFBC}") = "CH01.InheritDemo", "CH01.InheritDemo\CH01.InheritDemo.csproj", "{E875ADD7-A283-4161-A0C1-2E98EF38AA6D}"
EndProject
Project("{FAE04EC0-301F-11D3-BF4B-00C04F79EFBC}") = "CH01.SimpleAttached", "CH01.SimpleAttached\CH01.SimpleAttached.csproj", "{85A438EF-BCE7-49C2-A997-D2E8C3F84BD8}"
EndProject
Project("{FAE04EC0-301F-11D3-BF4B-00C04F79EFBC}") = "CH01.CustomAttached", "CH01.CustomAttached\CH01.CustomAttached.csproj", "{D13CEEC7-E14B-4219-AF56-896A70B4E06D}"
EndProject
Project("{FAE04EC0-301F-11D3-BF4B-00C04F79EFBC}") = "CH01.StaticProperties", "CH01.StaticProperties\CH01.StaticProperties.csproj", "{B30F7C11-F0A3-46E7-A652-92670339FAEB}"
EndProject
Project("{FAE04EC0-301F-11D3-BF4B-00C04F79EFBC}") = "CH01.CustomMarkupExtension", "CH01.CustomMarkupExtension\CH01.CustomMarkupExtension.csproj", "{022ED849-FA5D-4225-B722-78959AE1DDF0}"
EndProject
Project("{FAE04EC0-301F-11D3-BF4B-00C04F79EFBC}") = "CH01.TestRandom", "CH01.TestRandom\CH01.TestRandom.csproj", "{DFB84D43-6BE3-4C2A-8EF3-28115B753CFF}"
EndProject
Project("{FAE04EC0-301F-11D3-BF4B-00C04F79EFBC}") = "CH01.SimpleDraw", "CH01.SimpleDraw\CH01.SimpleDraw.csproj", "{D5E1177C-EA81-4473-93B1-C2EAF1E725E1}"
EndProject
Project("{FAE04EC0-301F-11D3-BF4B-00C04F79EFBC}") = "CH02.SimpleResources", "CH02.SimpleResources\CH02.SimpleResources.csproj", "{401A165D-8A11-439E-A50B-22754A4AE80E}"
EndProject
Project("{FAE04EC0-301F-11D3-BF4B-00C04F79EFBC}") = "CH02.DynamicVsStatic", "CH02.DynamicVsStatic\CH02.DynamicVsStatic.csproj", "{AB15856A-1959-48E9-8DFE-C5AF94FEA77F}"
EndProject
Project("{FAE04EC0-301F-11D3-BF4B-00C04F79EFBC}") = "CH02.UserSelectedColorsFonts", "CH02.UserSelectedColorsFonts\CH02.UserSelectedColorsFonts.csproj", "{B5F04DFE-5995-427B-9D00-B1EC98D40B97}"
EndProject
Project("{FAE04EC0-301F-11D3-BF4B-00C04F79EFBC}") = "BinaryResourceAccess", "BinaryResourceAccess\BinaryResourceAccess.csproj", "{E1B555C5-F947-4FF1-840D-C15DB4970F02}"
EndProject
Project("{FAE04EC0-301F-11D3-BF4B-00C04F79EFBC}") = "CH02.ClassLibraryResources", "CH02.ClassLibraryResources\CH02.ClassLibraryResources.csproj", "{2D898CB0-1DD0-48D6-A69A-A3242165377D}"
EndProject
Project("{FAE04EC0-301F-11D3-BF4B-00C04F79EFBC}") = "CH02.UsingLibraryResources", "CH02.UsingLibraryResources\CH02.UsingLibraryResources.csproj", "{676B6DAA-0876-4BD3-8EB4-F411A7D63975}"
EndProject
Project("{FAE04EC0-301F-11D3-BF4B-00C04F79EFBC}") = "CH02.ManagingResources", "CH02.ManagingResources\CH02.ManagingResources.csproj", "{DAC98D8A-C32A-46CB-A955-1FF27D5250B1}"
EndProject
Project("{FAE04EC0-301F-11D3-BF4B-00C04F79EFBC}") = "CH03.GridDemo", "CH03.GridDemo\CH03.GridDemo.csproj", "{29287343-6A44-4EB8-9F81-5C9BA076F1A6}"
EndProject
Project("{FAE04EC0-301F-11D3-BF4B-00C04F79EFBC}") = "CH03.DynamicGridSizing", "CH03.DynamicGridSizing\CH03.DynamicGridSizing.csproj", "{516EECE1-9F7F-48E6-ACF5-12FC99A8B035}"
EndProject
Project("{FAE04EC0-301F-11D3-BF4B-00C04F79EFBC}") = "CH03.ScrollDemo", "CH03.ScrollDemo\CH03.ScrollDemo.csproj", "{2644E71B-868A-4DFF-B46D-77FFA6B000C2}"
EndProject
Project("{FAE04EC0-301F-11D3-BF4B-00C04F79EFBC}") = "CH03.BorderDemo", "CH03.BorderDemo\CH03.BorderDemo.csproj", "{564CE104-1484-413E-9E44-2B98D86BA12C}"
EndProject
Project("{FAE04EC0-301F-11D3-BF4B-00C04F79EFBC}") = "CH03.CanvasDemo", "CH03.CanvasDemo\CH03.CanvasDemo.csproj", "{5E67615F-E324-41F8-A561-2D22E4C78294}"
EndProject
Project("{FAE04EC0-301F-11D3-BF4B-00C04F79EFBC}") = "CH03.PaintingCircles", "CH03.PaintingCircles\CH03.PaintingCircles.csproj", "{F40B9FB1-D210-49FD-BCB0-3C0F520FB5CF}"
EndProject
Project("{FAE04EC0-301F-11D3-BF4B-00C04F79EFBC}") = "CH03.SimpleTabs", "CH03.SimpleTabs\CH03.SimpleTabs.csproj", "{9DC9491E-C16F-4D7A-A9A3-DBB8023D8E4A}"
EndProject
Project("{FAE04EC0-301F-11D3-BF4B-00C04F79EFBC}") = "CH03.ComplexTabs", "CH03.ComplexTabs\CH03.ComplexTabs.csproj", "{5D6885C0-2475-4B90-89A4-A5EFB55A8B2D}"
EndProject
Project("{FAE04EC0-301F-11D3-BF4B-00C04F79EFBC}") = "CH03.SimpleDragDrop", "CH03.SimpleDragDrop\CH03.SimpleDragDrop.csproj", "{4AA89B04-B9F2-4E2D-B03A-5F190C2C5D40}"
EndProject
Project("{FAE04EC0-301F-11D3-BF4B-00C04F79EFBC}") = "CH04.TextControls", "CH04.TextControls\CH04.TextControls.csproj", "{861339C0-B3A2-4137-AC93-1B57DF5F2619}"
EndProject
Project("{FAE04EC0-301F-11D3-BF4B-00C04F79EFBC}") = "CH04.ContentControls", "CH04.ContentControls\CH04.ContentControls.csproj", "{44DD44D0-AEF9-4FF2-B263-B0CA7AB48F40}"
EndProject
Project("{FAE04EC0-301F-11D3-BF4B-00C04F79EFBC}") = "CH04.Images", "CH04.Images\CH04.Images.csproj", "{78459328-B881-4D15-BE1A-9F82A2981E20}"
EndProject
Project("{FAE04EC0-301F-11D3-BF4B-00C04F79EFBC}") = "CH04.ToolTips", "CH04.ToolTips\CH04.ToolTips.csproj", "{06074677-26F4-49D5-85D6-8F1DE0901A03}"
EndProject
Project("{FAE04EC0-301F-11D3-BF4B-00C04F79EFBC}") = "CH04.Lists", "CH04.Lists\CH04.Lists.csproj", "{8F1EFA59-1F94-4D04-B166-FBA416CD2F8D}"
EndProject
Project("{FAE04EC0-301F-11D3-BF4B-00C04F79EFBC}") = "CH04.Menus", "CH04.Menus\CH04.Menus.csproj", "{557E0F79-0AD0-4B3D-958E-FEAB81C211BC}"
EndProject
Project("{FAE04EC0-301F-11D3-BF4B-00C04F79EFBC}") = "CH04.TabAndFocus", "CH04.TabAndFocus\CH04.TabAndFocus.csproj", "{4810B2F3-04BD-4361-BAD8-747519314994}"
EndProject
Project("{FAE04EC0-301F-11D3-BF4B-00C04F79EFBC}") = "CH05.NewWindows", "CH05.NewWindows\CH05.NewWindows.csproj", "{677EA41E-C546-44A7-BE72-1D08872B2C5C}"
EndProject
Project("{FAE04EC0-301F-11D3-BF4B-00C04F79EFBC}") = "CH05.CommandLineArgs", "CH05.CommandLineArgs\CH05.CommandLineArgs.csproj", "{44203A0C-BF70-46F3-8DAA-F4552CFD99B3}"
EndProject
Project("{FAE04EC0-301F-11D3-BF4B-00C04F79EFBC}") = "CH05.Dialogs", "CH05.Dialogs\CH05.Dialogs.csproj", "{C40CF341-A5BF-40AE-BC4B-FAAA4D0BBF14}"
EndProject
Project("{FAE04EC0-301F-11D3-BF4B-00C04F79EFBC}") = "CH05.CommonDialogs", "CH05.CommonDialogs\CH05.CommonDialogs.csproj", "{561C6608-8E8D-4780-8D7C-BE7FF4A0FE34}"
EndProject
Project("{FAE04EC0-301F-11D3-BF4B-00C04F79EFBC}") = "CH05.OwnerWindows", "CH05.OwnerWindows\CH05.OwnerWindows.csproj", "{2E7570C8-3B89-4F94-A5B6-F115358F9C95}"
EndProject
Project("{FAE04EC0-301F-11D3-BF4B-00C04F79EFBC}") = "CH05.CustomShapeWindow", "CH05.CustomShapeWindow\CH05.CustomShapeWindow.csproj", "{B81C63DF-429E-47A6-BB97-516B3386F34D}"
EndProject
Project("{FAE04EC0-301F-11D3-BF4B-00C04F79EFBC}") = "CH05.SingleInstApp", "CH05.SingleInstApp\CH05.SingleInstApp.csproj", "{F12B094C-B6F7-448B-A6BE-DF5322B9E762}"
EndProject
Project("{FAE04EC0-301F-11D3-BF4B-00C04F79EFBC}") = "CH05.UnhandledExceptions", "CH05.UnhandledExceptions\CH05.UnhandledExceptions.csproj", "{B5678C9F-7D2C-4066-9196-9D37485654DA}"
EndProject
Project("{FAE04EC0-301F-11D3-BF4B-00C04F79EFBC}") = "CH06.ElementToElementBindings", "CH06.ElementToElementBindings\CH06.ElementToElementBindings.csproj", "{BCB402C5-DFF2-44F6-B12E-96F27DE281DE}"
EndProject
Project("{FAE04EC0-301F-11D3-BF4B-00C04F79EFBC}") = "Andrew0814_StackPanelAndINotifyPropertyChanged", "Andrew0814_StackPanelAndINotifyPropertyChanged\Andrew0814_StackPanelAndINotifyPropertyChanged.csproj", "{A72013AA-9F71-4635-A3B9-44F001A87227}"
EndProject
Project("{FAE04EC0-301F-11D3-BF4B-00C04F79EFBC}") = "CH06.SingleObjectBinding", "CH06.SingleObjectBinding\CH06.SingleObjectBinding.csproj", "{DC4B8CD8-B5C7-42B8-AF12-82D9CFE592DF}"
EndProject
Project("{FAE04EC0-301F-11D3-BF4B-00C04F79EFBC}") = "CH06.SingleObjectBinding2", "CH06.SingleObjectBinding2\CH06.SingleObjectBinding2.csproj", "{A74B4A18-51AE-460C-ADC9-7D951ABB6897}"
EndProject
Project("{FAE04EC0-301F-11D3-BF4B-00C04F79EFBC}") = "CH06.BindingToCollection", "CH06.BindingToCollection\CH06.BindingToCollection.csproj", "{4C33913C-70A6-4C24-A63A-ACFBC00DEDFA}"
EndProject
Project("{FAE04EC0-301F-11D3-BF4B-00C04F79EFBC}") = "CH06.DataTemplates", "CH06.DataTemplates\CH06.DataTemplates.csproj", "{A69EFD6D-B980-462A-8D15-6A1D24B79CAA}"
EndProject
Project("{FAE04EC0-301F-11D3-BF4B-00C04F79EFBC}") = "CH06.WeatherForecast", "CH06.WeatherForecast\CH06.WeatherForecast.csproj", "{294C5C29-7847-4665-9931-24CD44A1DB00}"
EndProject
Project("{FAE04EC0-301F-11D3-BF4B-00C04F79EFBC}") = "Andrew0815_GridAndCollectionChanged", "Andrew0815_GridAndCollectionChanged\Andrew0815_GridAndCollectionChanged.csproj", "{50C5677B-25B4-4C77-B879-976DB6A7ED81}"
EndProject
Project("{FAE04EC0-301F-11D3-BF4B-00C04F79EFBC}") = "CH06.MasterDetail", "CH06.MasterDetail\CH06.MasterDetail.csproj", "{7F156407-0A77-4C29-A658-2C7CF6AC77A2}"
EndProject
Project("{FAE04EC0-301F-11D3-BF4B-00C04F79EFBC}") = "CH06.SortingAndFiltering", "CH06.SortingAndFiltering\CH06.SortingAndFiltering.csproj", "{44580057-4A23-4C49-AF98-C92109E78C63}"
EndProject
Project("{FAE04EC0-301F-11D3-BF4B-00C04F79EFBC}") = "CH06.GroupingData", "CH06.GroupingData\CH06.GroupingData.csproj", "{61C866AD-D1F7-4405-AC8D-EFE5E19409D3}"
EndProject
Project("{FAE04EC0-301F-11D3-BF4B-00C04F79EFBC}") = "CH06.MultiBindings", "CH06.MultiBindings\CH06.MultiBindings.csproj", "{4F82EFA0-7449-4384-BABA-5FE04B5C178C}"
EndProject
Project("{FAE04EC0-301F-11D3-BF4B-00C04F79EFBC}") = "CH06.TreeViewBinding", "CH06.TreeViewBinding\CH06.TreeViewBinding.csproj", "{56A2F445-474F-4FD5-AD3D-AE6F8BB4DC02}"
EndProject
Project("{FAE04EC0-301F-11D3-BF4B-00C04F79EFBC}") = "CH06.DataGridDemo", "CH06.DataGridDemo\CH06.DataGridDemo.csproj", "{0F9DBECD-90BE-480E-B928-BCE82EF0337E}"
EndProject
Project("{FAE04EC0-301F-11D3-BF4B-00C04F79EFBC}") = "CH06.ValidatingData", "CH06.ValidatingData\CH06.ValidatingData.csproj", "{68CB9E73-7F35-422C-8A06-88067E2828A1}"
EndProject
Project("{FAE04EC0-301F-11D3-BF4B-00C04F79EFBC}") = "CH07.RoutedCommands", "CH07.RoutedCommands\CH07.RoutedCommands.csproj", "{0E941BEA-DD58-4AA5-80CD-74E16F9FD8AA}"
EndProject
Project("{FAE04EC0-301F-11D3-BF4B-00C04F79EFBC}") = "CH07.RoutedCommands2", "CH07.RoutedCommands2\CH07.RoutedCommands2.csproj", "{27D626A8-E4E1-4D13-8E4F-4076F326B687}"
EndProject
Project("{FAE04EC0-301F-11D3-BF4B-00C04F79EFBC}") = "CH07.RoutedCommands3", "CH07.RoutedCommands3\CH07.RoutedCommands3.csproj", "{DA46CFAF-9273-4316-802B-CC5B7736AA1B}"
EndProject
Project("{FAE04EC0-301F-11D3-BF4B-00C04F79EFBC}") = "CH07.CookbookMVVM", "CH07.CookbookMVVM\CH07.CookbookMVVM.csproj", "{7A07CC29-595C-4410-83D2-2AB20D80B68F}"
EndProject
Project("{FAE04EC0-301F-11D3-BF4B-00C04F79EFBC}") = "CH07.BlogReader", "CH07.BlogReader\CH07.BlogReader.csproj", "{82264699-328B-424C-AC4A-5334C44C2AF3}"
EndProject
Project("{FAE04EC0-301F-11D3-BF4B-00C04F79EFBC}") = "CH08.StyledCalculator", "CH08.StyledCalculator\CH08.StyledCalculator.csproj", "{0E38B46B-D2D3-4486-ADBE-728C5F192236}"
EndProject
Project("{FAE04EC0-301F-11D3-BF4B-00C04F79EFBC}") = "CH08.DataTriggerDemo", "CH08.DataTriggerDemo\CH08.DataTriggerDemo.csproj", "{1BB38633-AD30-472E-AEAE-F7DAE1D248D8}"
EndProject
Project("{FAE04EC0-301F-11D3-BF4B-00C04F79EFBC}") = "CH08.MultiTriggerDemo", "CH08.MultiTriggerDemo\CH08.MultiTriggerDemo.csproj", "{25AC63CD-8D06-42D5-B7D5-8FEB5315C7D2}"
EndProject
Project("{FAE04EC0-301F-11D3-BF4B-00C04F79EFBC}") = "Andrew0820_CustomProgressBarUseControlTemplate", "Andrew0820_CustomProgressBarUseControlTemplate\Andrew0820_CustomProgressBarUseControlTemplate.csproj", "{681FD644-AFC4-450D-B7CC-3B9322F68724}"
EndProject
Project("{FAE04EC0-301F-11D3-BF4B-00C04F79EFBC}") = "CH08.CustomProgressBar", "CH08.CustomProgressBar\CH08.CustomProgressBar.csproj", "{37395331-FF45-4657-A223-F5523D97E1DB}"
EndProject
Project("{FAE04EC0-301F-11D3-BF4B-00C04F79EFBC}") = "CH08.CustomScrollBars", "CH08.CustomScrollBars\CH08.CustomScrollBars.csproj", "{788A10E7-3A71-459D-9AF4-5EE4F3866248}"
EndProject
Project("{FAE04EC0-301F-11D3-BF4B-00C04F79EFBC}") = "CH09.CustomShape", "CH09.CustomShape\CH09.CustomShape.csproj", "{32AB7F5A-C6BA-49B6-BFAC-B98C5CA0ADB2}"
EndProject
Project("{FAE04EC0-301F-11D3-BF4B-00C04F79EFBC}") = "CH09.Transforms", "CH09.Transforms\CH09.Transforms.csproj", "{BEA9A7D2-A758-4DC3-ADF3-C577E6A59088}"
EndProject
Project("{FAE04EC0-301F-11D3-BF4B-00C04F79EFBC}") = "CH09.MandelbrotSet", "CH09.MandelbrotSet\CH09.MandelbrotSet.csproj", "{E6CF0782-4662-4B54-A91F-FF45DB1F3498}"
EndProject
Project("{FAE04EC0-301F-11D3-BF4B-00C04F79EFBC}") = "CH09.AdornerDemo", "CH09.AdornerDemo\CH09.AdornerDemo.csproj", "{9A93B58A-68CA-428E-8E67-C8402E8DE050}"
EndProject
Project("{FAE04EC0-301F-11D3-BF4B-00C04F79EFBC}") = "CH09.SimpleAnimation", "CH09.SimpleAnimation\CH09.SimpleAnimation.csproj", "{A9C70775-B249-4C86-AFB6-C4D5DFF122C9}"
EndProject
Project("{FAE04EC0-301F-11D3-BF4B-00C04F79EFBC}") = "CH09.PathBasedAnimation", "CH09.PathBasedAnimation\CH09.PathBasedAnimation.csproj", "{709C842E-711D-4D4D-A1F2-7D82651BE9E8}"
EndProject
Project("{FAE04EC0-301F-11D3-BF4B-00C04F79EFBC}") = "CH09.CustomAnimation", "CH09.CustomAnimation\CH09.CustomAnimation.csproj", "{E84935E3-EF50-4F6B-82F7-357AC74B6F2F}"
EndProject
Project("{FAE04EC0-301F-11D3-BF4B-00C04F79EFBC}") = "CH09.AnimationEasing", "CH09.AnimationEasing\CH09.AnimationEasing.csproj", "{45B7CF93-AE30-43D9-BB7D-54FBA2EF2C85}"
EndProject
Project("{FAE04EC0-301F-11D3-BF4B-00C04F79EFBC}") = "CH10.UserControls", "CH10.UserControls\CH10.UserControls.csproj", "{51CD8104-880C-4B4F-8F79-47EDB05E7FEC}"
EndProject
Project("{FAE04EC0-301F-11D3-BF4B-00C04F79EFBC}") = "CH10.TestUserControls", "CH10.TestUserControls\CH10.TestUserControls.csproj", "{6CA56A31-2068-4017-94ED-63188BA7C4AD}"
EndProject
Project("{FAE04EC0-301F-11D3-BF4B-00C04F79EFBC}") = "CH10.CustomRendering", "CH10.CustomRendering\CH10.CustomRendering.csproj", "{E03B79F5-2E85-4B1C-8F06-8304960DFDC7}"
EndProject
Project("{FAE04EC0-301F-11D3-BF4B-00C04F79EFBC}") = "CH11.AsyncCalc", "CH11.AsyncCalc\CH11.AsyncCalc.csproj", "{931724E5-CA1E-43A7-8FDF-93BFFF3430EF}"
EndProject
Project("{FAE04EC0-301F-11D3-BF4B-00C04F79EFBC}") = "CH11.AsyncCalc2", "CH11.AsyncCalc2\CH11.AsyncCalc2.csproj", "{11B3E529-1606-49DD-8C3A-B283D654E133}"
EndProject
Project("{FAE04EC0-301F-11D3-BF4B-00C04F79EFBC}") = "CH11.AsyncCalcWithBackgroundWorker", "CH11.AsyncCalcWithBackgroundWorker\CH11.AsyncCalcWithBackgroundWorker.csproj", "{7DADD12E-B8D9-4472-9809-6F0804BBF731}"
EndProject
Project("{FAE04EC0-301F-11D3-BF4B-00C04F79EFBC}") = "CH11.PeriodicUpdates", "CH11.PeriodicUpdates\CH11.PeriodicUpdates.csproj", "{77AE1457-51BE-401F-823F-FAE38E706575}"
EndProject
Project("{FAE04EC0-301F-11D3-BF4B-00C04F79EFBC}") = "CH11.AsyncCalcWithCS5", "CH11.AsyncCalcWithCS5\CH11.AsyncCalcWithCS5.csproj", "{B934ED51-DBCB-4105-8DC4-103D6D8E9F07}"
EndProject
Project("{FAE04EC0-301F-11D3-BF4B-00C04F79EFBC}") = "CH11.AsyncCalcWithCS5msdn", "CH11.AsyncCalcWithCS5msdn\CH11.AsyncCalcWithCS5msdn.csproj", "{ADCEC6AA-254D-4932-AEE2-17363A437762}"
EndProject
Project("{FAE04EC0-301F-11D3-BF4B-00C04F79EFBC}") = "ControlAndDataTemplate", "ControlAndDataTemplate\ControlAndDataTemplate.csproj", "{8CE74BC1-CF20-45BF-871A-7C7EB64C262C}"
EndProject
Project("{FAE04EC0-301F-11D3-BF4B-00C04F79EFBC}") = "TestMVVM", "TestMVVM\TestMVVM.csproj", "{9DE0168F-BF21-4A81-BFD5-9D3E71E53DF4}"
EndProject
Project("{FAE04EC0-301F-11D3-BF4B-00C04F79EFBC}") = "WpfMVVMSimple", "WpfSimple\WpfMVVMSimple.csproj", "{BC88BBF4-CE56-458D-9AB5-955E0BE734C2}"
EndProject
Project("{FAE04EC0-301F-11D3-BF4B-00C04F79EFBC}") = "StoneTest", "StoneTest\StoneTest.csproj", "{3BBA050F-EDB2-495A-987C-65C8C7DF6649}"
EndProject
Project("{FAE04EC0-301F-11D3-BF4B-00C04F79EFBC}") = "BorderAndGridSplitter", "BorderAndGridSplitter\BorderAndGridSplitter.csproj", "{A9BCCABF-5DD3-4456-8152-A1B184ED0AF6}"
EndProject
Project("{FAE04EC0-301F-11D3-BF4B-00C04F79EFBC}") = "CRUDMVVM", "CRUDMVVM\CRUDMVVM.csproj", "{69D71114-759E-4E60-9C7B-DBE8E7831E2C}"
EndProject
Project("{FAE04EC0-301F-11D3-BF4B-00C04F79EFBC}") = "Andrew0828_MVVM", "Andrew0828_MVVM\Andrew0828_MVVM.csproj", "{24F44D0A-73EE-42AC-9265-6161D0E11543}"
EndProject
Project("{FAE04EC0-301F-11D3-BF4B-00C04F79EFBC}") = "MvvmLight1", "MvvmLight1\MvvmLight1.csproj", "{6FAB8781-0901-4635-AAC7-6AAD4A6F0F68}"
EndProject
Project("{FAE04EC0-301F-11D3-BF4B-00C04F79EFBC}") = "SetSysDateTime", "SetSysDateTime\SetSysDateTime.csproj", "{70E2CD37-21D4-45BD-933D-E9E0F469FB1F}"
EndProject
Global
	GlobalSection(SolutionConfigurationPlatforms) = preSolution
		Debug|Any CPU = Debug|Any CPU
		Release|Any CPU = Release|Any CPU
	EndGlobalSection
	GlobalSection(ProjectConfigurationPlatforms) = postSolution
		{16EB236B-5CCB-4CCE-99B2-5F27BA42206A}.Debug|Any CPU.ActiveCfg = Debug|Any CPU
		{16EB236B-5CCB-4CCE-99B2-5F27BA42206A}.Debug|Any CPU.Build.0 = Debug|Any CPU
		{16EB236B-5CCB-4CCE-99B2-5F27BA42206A}.Release|Any CPU.ActiveCfg = Release|Any CPU
		{16EB236B-5CCB-4CCE-99B2-5F27BA42206A}.Release|Any CPU.Build.0 = Release|Any CPU
		{706AD56F-FB99-4D21-BFDB-F5C4F77CC5D3}.Debug|Any CPU.ActiveCfg = Debug|Any CPU
		{706AD56F-FB99-4D21-BFDB-F5C4F77CC5D3}.Debug|Any CPU.Build.0 = Debug|Any CPU
		{706AD56F-FB99-4D21-BFDB-F5C4F77CC5D3}.Release|Any CPU.ActiveCfg = Release|Any CPU
		{706AD56F-FB99-4D21-BFDB-F5C4F77CC5D3}.Release|Any CPU.Build.0 = Release|Any CPU
		{E875ADD7-A283-4161-A0C1-2E98EF38AA6D}.Debug|Any CPU.ActiveCfg = Debug|Any CPU
		{E875ADD7-A283-4161-A0C1-2E98EF38AA6D}.Debug|Any CPU.Build.0 = Debug|Any CPU
		{E875ADD7-A283-4161-A0C1-2E98EF38AA6D}.Release|Any CPU.ActiveCfg = Release|Any CPU
		{E875ADD7-A283-4161-A0C1-2E98EF38AA6D}.Release|Any CPU.Build.0 = Release|Any CPU
		{85A438EF-BCE7-49C2-A997-D2E8C3F84BD8}.Debug|Any CPU.ActiveCfg = Debug|Any CPU
		{85A438EF-BCE7-49C2-A997-D2E8C3F84BD8}.Debug|Any CPU.Build.0 = Debug|Any CPU
		{85A438EF-BCE7-49C2-A997-D2E8C3F84BD8}.Release|Any CPU.ActiveCfg = Release|Any CPU
		{85A438EF-BCE7-49C2-A997-D2E8C3F84BD8}.Release|Any CPU.Build.0 = Release|Any CPU
		{D13CEEC7-E14B-4219-AF56-896A70B4E06D}.Debug|Any CPU.ActiveCfg = Debug|Any CPU
		{D13CEEC7-E14B-4219-AF56-896A70B4E06D}.Debug|Any CPU.Build.0 = Debug|Any CPU
		{D13CEEC7-E14B-4219-AF56-896A70B4E06D}.Release|Any CPU.ActiveCfg = Release|Any CPU
		{D13CEEC7-E14B-4219-AF56-896A70B4E06D}.Release|Any CPU.Build.0 = Release|Any CPU
		{B30F7C11-F0A3-46E7-A652-92670339FAEB}.Debug|Any CPU.ActiveCfg = Debug|Any CPU
		{B30F7C11-F0A3-46E7-A652-92670339FAEB}.Debug|Any CPU.Build.0 = Debug|Any CPU
		{B30F7C11-F0A3-46E7-A652-92670339FAEB}.Release|Any CPU.ActiveCfg = Release|Any CPU
		{B30F7C11-F0A3-46E7-A652-92670339FAEB}.Release|Any CPU.Build.0 = Release|Any CPU
		{022ED849-FA5D-4225-B722-78959AE1DDF0}.Debug|Any CPU.ActiveCfg = Debug|Any CPU
		{022ED849-FA5D-4225-B722-78959AE1DDF0}.Debug|Any CPU.Build.0 = Debug|Any CPU
		{022ED849-FA5D-4225-B722-78959AE1DDF0}.Release|Any CPU.ActiveCfg = Release|Any CPU
		{022ED849-FA5D-4225-B722-78959AE1DDF0}.Release|Any CPU.Build.0 = Release|Any CPU
		{DFB84D43-6BE3-4C2A-8EF3-28115B753CFF}.Debug|Any CPU.ActiveCfg = Debug|Any CPU
		{DFB84D43-6BE3-4C2A-8EF3-28115B753CFF}.Debug|Any CPU.Build.0 = Debug|Any CPU
		{DFB84D43-6BE3-4C2A-8EF3-28115B753CFF}.Release|Any CPU.ActiveCfg = Release|Any CPU
		{DFB84D43-6BE3-4C2A-8EF3-28115B753CFF}.Release|Any CPU.Build.0 = Release|Any CPU
		{D5E1177C-EA81-4473-93B1-C2EAF1E725E1}.Debug|Any CPU.ActiveCfg = Debug|Any CPU
		{D5E1177C-EA81-4473-93B1-C2EAF1E725E1}.Debug|Any CPU.Build.0 = Debug|Any CPU
		{D5E1177C-EA81-4473-93B1-C2EAF1E725E1}.Release|Any CPU.ActiveCfg = Release|Any CPU
		{D5E1177C-EA81-4473-93B1-C2EAF1E725E1}.Release|Any CPU.Build.0 = Release|Any CPU
		{401A165D-8A11-439E-A50B-22754A4AE80E}.Debug|Any CPU.ActiveCfg = Debug|Any CPU
		{401A165D-8A11-439E-A50B-22754A4AE80E}.Debug|Any CPU.Build.0 = Debug|Any CPU
		{401A165D-8A11-439E-A50B-22754A4AE80E}.Release|Any CPU.ActiveCfg = Release|Any CPU
		{401A165D-8A11-439E-A50B-22754A4AE80E}.Release|Any CPU.Build.0 = Release|Any CPU
		{AB15856A-1959-48E9-8DFE-C5AF94FEA77F}.Debug|Any CPU.ActiveCfg = Debug|Any CPU
		{AB15856A-1959-48E9-8DFE-C5AF94FEA77F}.Debug|Any CPU.Build.0 = Debug|Any CPU
		{AB15856A-1959-48E9-8DFE-C5AF94FEA77F}.Release|Any CPU.ActiveCfg = Release|Any CPU
		{AB15856A-1959-48E9-8DFE-C5AF94FEA77F}.Release|Any CPU.Build.0 = Release|Any CPU
		{B5F04DFE-5995-427B-9D00-B1EC98D40B97}.Debug|Any CPU.ActiveCfg = Debug|Any CPU
		{B5F04DFE-5995-427B-9D00-B1EC98D40B97}.Debug|Any CPU.Build.0 = Debug|Any CPU
		{B5F04DFE-5995-427B-9D00-B1EC98D40B97}.Release|Any CPU.ActiveCfg = Release|Any CPU
		{B5F04DFE-5995-427B-9D00-B1EC98D40B97}.Release|Any CPU.Build.0 = Release|Any CPU
		{E1B555C5-F947-4FF1-840D-C15DB4970F02}.Debug|Any CPU.ActiveCfg = Debug|Any CPU
		{E1B555C5-F947-4FF1-840D-C15DB4970F02}.Debug|Any CPU.Build.0 = Debug|Any CPU
		{E1B555C5-F947-4FF1-840D-C15DB4970F02}.Release|Any CPU.ActiveCfg = Release|Any CPU
		{E1B555C5-F947-4FF1-840D-C15DB4970F02}.Release|Any CPU.Build.0 = Release|Any CPU
		{2D898CB0-1DD0-48D6-A69A-A3242165377D}.Debug|Any CPU.ActiveCfg = Debug|Any CPU
		{2D898CB0-1DD0-48D6-A69A-A3242165377D}.Debug|Any CPU.Build.0 = Debug|Any CPU
		{2D898CB0-1DD0-48D6-A69A-A3242165377D}.Release|Any CPU.ActiveCfg = Release|Any CPU
		{2D898CB0-1DD0-48D6-A69A-A3242165377D}.Release|Any CPU.Build.0 = Release|Any CPU
		{676B6DAA-0876-4BD3-8EB4-F411A7D63975}.Debug|Any CPU.ActiveCfg = Debug|Any CPU
		{676B6DAA-0876-4BD3-8EB4-F411A7D63975}.Debug|Any CPU.Build.0 = Debug|Any CPU
		{676B6DAA-0876-4BD3-8EB4-F411A7D63975}.Release|Any CPU.ActiveCfg = Release|Any CPU
		{676B6DAA-0876-4BD3-8EB4-F411A7D63975}.Release|Any CPU.Build.0 = Release|Any CPU
		{DAC98D8A-C32A-46CB-A955-1FF27D5250B1}.Debug|Any CPU.ActiveCfg = Debug|Any CPU
		{DAC98D8A-C32A-46CB-A955-1FF27D5250B1}.Debug|Any CPU.Build.0 = Debug|Any CPU
		{DAC98D8A-C32A-46CB-A955-1FF27D5250B1}.Release|Any CPU.ActiveCfg = Release|Any CPU
		{DAC98D8A-C32A-46CB-A955-1FF27D5250B1}.Release|Any CPU.Build.0 = Release|Any CPU
		{29287343-6A44-4EB8-9F81-5C9BA076F1A6}.Debug|Any CPU.ActiveCfg = Debug|Any CPU
		{29287343-6A44-4EB8-9F81-5C9BA076F1A6}.Debug|Any CPU.Build.0 = Debug|Any CPU
		{29287343-6A44-4EB8-9F81-5C9BA076F1A6}.Release|Any CPU.ActiveCfg = Release|Any CPU
		{29287343-6A44-4EB8-9F81-5C9BA076F1A6}.Release|Any CPU.Build.0 = Release|Any CPU
		{516EECE1-9F7F-48E6-ACF5-12FC99A8B035}.Debug|Any CPU.ActiveCfg = Debug|Any CPU
		{516EECE1-9F7F-48E6-ACF5-12FC99A8B035}.Debug|Any CPU.Build.0 = Debug|Any CPU
		{516EECE1-9F7F-48E6-ACF5-12FC99A8B035}.Release|Any CPU.ActiveCfg = Release|Any CPU
		{516EECE1-9F7F-48E6-ACF5-12FC99A8B035}.Release|Any CPU.Build.0 = Release|Any CPU
		{2644E71B-868A-4DFF-B46D-77FFA6B000C2}.Debug|Any CPU.ActiveCfg = Debug|Any CPU
		{2644E71B-868A-4DFF-B46D-77FFA6B000C2}.Debug|Any CPU.Build.0 = Debug|Any CPU
		{2644E71B-868A-4DFF-B46D-77FFA6B000C2}.Release|Any CPU.ActiveCfg = Release|Any CPU
		{2644E71B-868A-4DFF-B46D-77FFA6B000C2}.Release|Any CPU.Build.0 = Release|Any CPU
		{564CE104-1484-413E-9E44-2B98D86BA12C}.Debug|Any CPU.ActiveCfg = Debug|Any CPU
		{564CE104-1484-413E-9E44-2B98D86BA12C}.Debug|Any CPU.Build.0 = Debug|Any CPU
		{564CE104-1484-413E-9E44-2B98D86BA12C}.Release|Any CPU.ActiveCfg = Release|Any CPU
		{564CE104-1484-413E-9E44-2B98D86BA12C}.Release|Any CPU.Build.0 = Release|Any CPU
		{5E67615F-E324-41F8-A561-2D22E4C78294}.Debug|Any CPU.ActiveCfg = Debug|Any CPU
		{5E67615F-E324-41F8-A561-2D22E4C78294}.Debug|Any CPU.Build.0 = Debug|Any CPU
		{5E67615F-E324-41F8-A561-2D22E4C78294}.Release|Any CPU.ActiveCfg = Release|Any CPU
		{5E67615F-E324-41F8-A561-2D22E4C78294}.Release|Any CPU.Build.0 = Release|Any CPU
		{F40B9FB1-D210-49FD-BCB0-3C0F520FB5CF}.Debug|Any CPU.ActiveCfg = Debug|Any CPU
		{F40B9FB1-D210-49FD-BCB0-3C0F520FB5CF}.Debug|Any CPU.Build.0 = Debug|Any CPU
		{F40B9FB1-D210-49FD-BCB0-3C0F520FB5CF}.Release|Any CPU.ActiveCfg = Release|Any CPU
		{F40B9FB1-D210-49FD-BCB0-3C0F520FB5CF}.Release|Any CPU.Build.0 = Release|Any CPU
		{9DC9491E-C16F-4D7A-A9A3-DBB8023D8E4A}.Debug|Any CPU.ActiveCfg = Debug|Any CPU
		{9DC9491E-C16F-4D7A-A9A3-DBB8023D8E4A}.Debug|Any CPU.Build.0 = Debug|Any CPU
		{9DC9491E-C16F-4D7A-A9A3-DBB8023D8E4A}.Release|Any CPU.ActiveCfg = Release|Any CPU
		{9DC9491E-C16F-4D7A-A9A3-DBB8023D8E4A}.Release|Any CPU.Build.0 = Release|Any CPU
		{5D6885C0-2475-4B90-89A4-A5EFB55A8B2D}.Debug|Any CPU.ActiveCfg = Debug|Any CPU
		{5D6885C0-2475-4B90-89A4-A5EFB55A8B2D}.Debug|Any CPU.Build.0 = Debug|Any CPU
		{5D6885C0-2475-4B90-89A4-A5EFB55A8B2D}.Release|Any CPU.ActiveCfg = Release|Any CPU
		{5D6885C0-2475-4B90-89A4-A5EFB55A8B2D}.Release|Any CPU.Build.0 = Release|Any CPU
		{4AA89B04-B9F2-4E2D-B03A-5F190C2C5D40}.Debug|Any CPU.ActiveCfg = Debug|Any CPU
		{4AA89B04-B9F2-4E2D-B03A-5F190C2C5D40}.Debug|Any CPU.Build.0 = Debug|Any CPU
		{4AA89B04-B9F2-4E2D-B03A-5F190C2C5D40}.Release|Any CPU.ActiveCfg = Release|Any CPU
		{4AA89B04-B9F2-4E2D-B03A-5F190C2C5D40}.Release|Any CPU.Build.0 = Release|Any CPU
		{861339C0-B3A2-4137-AC93-1B57DF5F2619}.Debug|Any CPU.ActiveCfg = Debug|Any CPU
		{861339C0-B3A2-4137-AC93-1B57DF5F2619}.Debug|Any CPU.Build.0 = Debug|Any CPU
		{861339C0-B3A2-4137-AC93-1B57DF5F2619}.Release|Any CPU.ActiveCfg = Release|Any CPU
		{861339C0-B3A2-4137-AC93-1B57DF5F2619}.Release|Any CPU.Build.0 = Release|Any CPU
		{44DD44D0-AEF9-4FF2-B263-B0CA7AB48F40}.Debug|Any CPU.ActiveCfg = Debug|Any CPU
		{44DD44D0-AEF9-4FF2-B263-B0CA7AB48F40}.Debug|Any CPU.Build.0 = Debug|Any CPU
		{44DD44D0-AEF9-4FF2-B263-B0CA7AB48F40}.Release|Any CPU.ActiveCfg = Release|Any CPU
		{44DD44D0-AEF9-4FF2-B263-B0CA7AB48F40}.Release|Any CPU.Build.0 = Release|Any CPU
		{78459328-B881-4D15-BE1A-9F82A2981E20}.Debug|Any CPU.ActiveCfg = Debug|Any CPU
		{78459328-B881-4D15-BE1A-9F82A2981E20}.Debug|Any CPU.Build.0 = Debug|Any CPU
		{78459328-B881-4D15-BE1A-9F82A2981E20}.Release|Any CPU.ActiveCfg = Release|Any CPU
		{78459328-B881-4D15-BE1A-9F82A2981E20}.Release|Any CPU.Build.0 = Release|Any CPU
		{06074677-26F4-49D5-85D6-8F1DE0901A03}.Debug|Any CPU.ActiveCfg = Debug|Any CPU
		{06074677-26F4-49D5-85D6-8F1DE0901A03}.Debug|Any CPU.Build.0 = Debug|Any CPU
		{06074677-26F4-49D5-85D6-8F1DE0901A03}.Release|Any CPU.ActiveCfg = Release|Any CPU
		{06074677-26F4-49D5-85D6-8F1DE0901A03}.Release|Any CPU.Build.0 = Release|Any CPU
		{8F1EFA59-1F94-4D04-B166-FBA416CD2F8D}.Debug|Any CPU.ActiveCfg = Debug|Any CPU
		{8F1EFA59-1F94-4D04-B166-FBA416CD2F8D}.Debug|Any CPU.Build.0 = Debug|Any CPU
		{8F1EFA59-1F94-4D04-B166-FBA416CD2F8D}.Release|Any CPU.ActiveCfg = Release|Any CPU
		{8F1EFA59-1F94-4D04-B166-FBA416CD2F8D}.Release|Any CPU.Build.0 = Release|Any CPU
		{557E0F79-0AD0-4B3D-958E-FEAB81C211BC}.Debug|Any CPU.ActiveCfg = Debug|Any CPU
		{557E0F79-0AD0-4B3D-958E-FEAB81C211BC}.Debug|Any CPU.Build.0 = Debug|Any CPU
		{557E0F79-0AD0-4B3D-958E-FEAB81C211BC}.Release|Any CPU.ActiveCfg = Release|Any CPU
		{557E0F79-0AD0-4B3D-958E-FEAB81C211BC}.Release|Any CPU.Build.0 = Release|Any CPU
		{4810B2F3-04BD-4361-BAD8-747519314994}.Debug|Any CPU.ActiveCfg = Debug|Any CPU
		{4810B2F3-04BD-4361-BAD8-747519314994}.Debug|Any CPU.Build.0 = Debug|Any CPU
		{4810B2F3-04BD-4361-BAD8-747519314994}.Release|Any CPU.ActiveCfg = Release|Any CPU
		{4810B2F3-04BD-4361-BAD8-747519314994}.Release|Any CPU.Build.0 = Release|Any CPU
		{677EA41E-C546-44A7-BE72-1D08872B2C5C}.Debug|Any CPU.ActiveCfg = Debug|Any CPU
		{677EA41E-C546-44A7-BE72-1D08872B2C5C}.Debug|Any CPU.Build.0 = Debug|Any CPU
		{677EA41E-C546-44A7-BE72-1D08872B2C5C}.Release|Any CPU.ActiveCfg = Release|Any CPU
		{677EA41E-C546-44A7-BE72-1D08872B2C5C}.Release|Any CPU.Build.0 = Release|Any CPU
		{44203A0C-BF70-46F3-8DAA-F4552CFD99B3}.Debug|Any CPU.ActiveCfg = Debug|Any CPU
		{44203A0C-BF70-46F3-8DAA-F4552CFD99B3}.Debug|Any CPU.Build.0 = Debug|Any CPU
		{44203A0C-BF70-46F3-8DAA-F4552CFD99B3}.Release|Any CPU.ActiveCfg = Release|Any CPU
		{44203A0C-BF70-46F3-8DAA-F4552CFD99B3}.Release|Any CPU.Build.0 = Release|Any CPU
		{C40CF341-A5BF-40AE-BC4B-FAAA4D0BBF14}.Debug|Any CPU.ActiveCfg = Debug|Any CPU
		{C40CF341-A5BF-40AE-BC4B-FAAA4D0BBF14}.Debug|Any CPU.Build.0 = Debug|Any CPU
		{C40CF341-A5BF-40AE-BC4B-FAAA4D0BBF14}.Release|Any CPU.ActiveCfg = Release|Any CPU
		{C40CF341-A5BF-40AE-BC4B-FAAA4D0BBF14}.Release|Any CPU.Build.0 = Release|Any CPU
		{561C6608-8E8D-4780-8D7C-BE7FF4A0FE34}.Debug|Any CPU.ActiveCfg = Debug|Any CPU
		{561C6608-8E8D-4780-8D7C-BE7FF4A0FE34}.Debug|Any CPU.Build.0 = Debug|Any CPU
		{561C6608-8E8D-4780-8D7C-BE7FF4A0FE34}.Release|Any CPU.ActiveCfg = Release|Any CPU
		{561C6608-8E8D-4780-8D7C-BE7FF4A0FE34}.Release|Any CPU.Build.0 = Release|Any CPU
		{2E7570C8-3B89-4F94-A5B6-F115358F9C95}.Debug|Any CPU.ActiveCfg = Debug|Any CPU
		{2E7570C8-3B89-4F94-A5B6-F115358F9C95}.Debug|Any CPU.Build.0 = Debug|Any CPU
		{2E7570C8-3B89-4F94-A5B6-F115358F9C95}.Release|Any CPU.ActiveCfg = Release|Any CPU
		{2E7570C8-3B89-4F94-A5B6-F115358F9C95}.Release|Any CPU.Build.0 = Release|Any CPU
		{B81C63DF-429E-47A6-BB97-516B3386F34D}.Debug|Any CPU.ActiveCfg = Debug|Any CPU
		{B81C63DF-429E-47A6-BB97-516B3386F34D}.Debug|Any CPU.Build.0 = Debug|Any CPU
		{B81C63DF-429E-47A6-BB97-516B3386F34D}.Release|Any CPU.ActiveCfg = Release|Any CPU
		{B81C63DF-429E-47A6-BB97-516B3386F34D}.Release|Any CPU.Build.0 = Release|Any CPU
		{F12B094C-B6F7-448B-A6BE-DF5322B9E762}.Debug|Any CPU.ActiveCfg = Debug|Any CPU
		{F12B094C-B6F7-448B-A6BE-DF5322B9E762}.Debug|Any CPU.Build.0 = Debug|Any CPU
		{F12B094C-B6F7-448B-A6BE-DF5322B9E762}.Release|Any CPU.ActiveCfg = Release|Any CPU
		{F12B094C-B6F7-448B-A6BE-DF5322B9E762}.Release|Any CPU.Build.0 = Release|Any CPU
		{B5678C9F-7D2C-4066-9196-9D37485654DA}.Debug|Any CPU.ActiveCfg = Debug|Any CPU
		{B5678C9F-7D2C-4066-9196-9D37485654DA}.Debug|Any CPU.Build.0 = Debug|Any CPU
		{B5678C9F-7D2C-4066-9196-9D37485654DA}.Release|Any CPU.ActiveCfg = Release|Any CPU
		{B5678C9F-7D2C-4066-9196-9D37485654DA}.Release|Any CPU.Build.0 = Release|Any CPU
		{BCB402C5-DFF2-44F6-B12E-96F27DE281DE}.Debug|Any CPU.ActiveCfg = Debug|Any CPU
		{BCB402C5-DFF2-44F6-B12E-96F27DE281DE}.Debug|Any CPU.Build.0 = Debug|Any CPU
		{BCB402C5-DFF2-44F6-B12E-96F27DE281DE}.Release|Any CPU.ActiveCfg = Release|Any CPU
		{BCB402C5-DFF2-44F6-B12E-96F27DE281DE}.Release|Any CPU.Build.0 = Release|Any CPU
		{A72013AA-9F71-4635-A3B9-44F001A87227}.Debug|Any CPU.ActiveCfg = Debug|Any CPU
		{A72013AA-9F71-4635-A3B9-44F001A87227}.Debug|Any CPU.Build.0 = Debug|Any CPU
		{A72013AA-9F71-4635-A3B9-44F001A87227}.Release|Any CPU.ActiveCfg = Release|Any CPU
		{A72013AA-9F71-4635-A3B9-44F001A87227}.Release|Any CPU.Build.0 = Release|Any CPU
		{DC4B8CD8-B5C7-42B8-AF12-82D9CFE592DF}.Debug|Any CPU.ActiveCfg = Debug|Any CPU
		{DC4B8CD8-B5C7-42B8-AF12-82D9CFE592DF}.Debug|Any CPU.Build.0 = Debug|Any CPU
		{DC4B8CD8-B5C7-42B8-AF12-82D9CFE592DF}.Release|Any CPU.ActiveCfg = Release|Any CPU
		{DC4B8CD8-B5C7-42B8-AF12-82D9CFE592DF}.Release|Any CPU.Build.0 = Release|Any CPU
		{A74B4A18-51AE-460C-ADC9-7D951ABB6897}.Debug|Any CPU.ActiveCfg = Debug|Any CPU
		{A74B4A18-51AE-460C-ADC9-7D951ABB6897}.Debug|Any CPU.Build.0 = Debug|Any CPU
		{A74B4A18-51AE-460C-ADC9-7D951ABB6897}.Release|Any CPU.ActiveCfg = Release|Any CPU
		{A74B4A18-51AE-460C-ADC9-7D951ABB6897}.Release|Any CPU.Build.0 = Release|Any CPU
		{4C33913C-70A6-4C24-A63A-ACFBC00DEDFA}.Debug|Any CPU.ActiveCfg = Debug|Any CPU
		{4C33913C-70A6-4C24-A63A-ACFBC00DEDFA}.Debug|Any CPU.Build.0 = Debug|Any CPU
		{4C33913C-70A6-4C24-A63A-ACFBC00DEDFA}.Release|Any CPU.ActiveCfg = Release|Any CPU
		{4C33913C-70A6-4C24-A63A-ACFBC00DEDFA}.Release|Any CPU.Build.0 = Release|Any CPU
		{A69EFD6D-B980-462A-8D15-6A1D24B79CAA}.Debug|Any CPU.ActiveCfg = Debug|Any CPU
		{A69EFD6D-B980-462A-8D15-6A1D24B79CAA}.Debug|Any CPU.Build.0 = Debug|Any CPU
		{A69EFD6D-B980-462A-8D15-6A1D24B79CAA}.Release|Any CPU.ActiveCfg = Release|Any CPU
		{A69EFD6D-B980-462A-8D15-6A1D24B79CAA}.Release|Any CPU.Build.0 = Release|Any CPU
		{294C5C29-7847-4665-9931-24CD44A1DB00}.Debug|Any CPU.ActiveCfg = Debug|Any CPU
		{294C5C29-7847-4665-9931-24CD44A1DB00}.Debug|Any CPU.Build.0 = Debug|Any CPU
		{294C5C29-7847-4665-9931-24CD44A1DB00}.Release|Any CPU.ActiveCfg = Release|Any CPU
		{294C5C29-7847-4665-9931-24CD44A1DB00}.Release|Any CPU.Build.0 = Release|Any CPU
		{50C5677B-25B4-4C77-B879-976DB6A7ED81}.Debug|Any CPU.ActiveCfg = Debug|Any CPU
		{50C5677B-25B4-4C77-B879-976DB6A7ED81}.Debug|Any CPU.Build.0 = Debug|Any CPU
		{50C5677B-25B4-4C77-B879-976DB6A7ED81}.Release|Any CPU.ActiveCfg = Release|Any CPU
		{50C5677B-25B4-4C77-B879-976DB6A7ED81}.Release|Any CPU.Build.0 = Release|Any CPU
		{7F156407-0A77-4C29-A658-2C7CF6AC77A2}.Debug|Any CPU.ActiveCfg = Debug|Any CPU
		{7F156407-0A77-4C29-A658-2C7CF6AC77A2}.Debug|Any CPU.Build.0 = Debug|Any CPU
		{7F156407-0A77-4C29-A658-2C7CF6AC77A2}.Release|Any CPU.ActiveCfg = Release|Any CPU
		{7F156407-0A77-4C29-A658-2C7CF6AC77A2}.Release|Any CPU.Build.0 = Release|Any CPU
		{44580057-4A23-4C49-AF98-C92109E78C63}.Debug|Any CPU.ActiveCfg = Debug|Any CPU
		{44580057-4A23-4C49-AF98-C92109E78C63}.Debug|Any CPU.Build.0 = Debug|Any CPU
		{44580057-4A23-4C49-AF98-C92109E78C63}.Release|Any CPU.ActiveCfg = Release|Any CPU
		{44580057-4A23-4C49-AF98-C92109E78C63}.Release|Any CPU.Build.0 = Release|Any CPU
		{61C866AD-D1F7-4405-AC8D-EFE5E19409D3}.Debug|Any CPU.ActiveCfg = Debug|Any CPU
		{61C866AD-D1F7-4405-AC8D-EFE5E19409D3}.Debug|Any CPU.Build.0 = Debug|Any CPU
		{61C866AD-D1F7-4405-AC8D-EFE5E19409D3}.Release|Any CPU.ActiveCfg = Release|Any CPU
		{61C866AD-D1F7-4405-AC8D-EFE5E19409D3}.Release|Any CPU.Build.0 = Release|Any CPU
		{4F82EFA0-7449-4384-BABA-5FE04B5C178C}.Debug|Any CPU.ActiveCfg = Debug|Any CPU
		{4F82EFA0-7449-4384-BABA-5FE04B5C178C}.Debug|Any CPU.Build.0 = Debug|Any CPU
		{4F82EFA0-7449-4384-BABA-5FE04B5C178C}.Release|Any CPU.ActiveCfg = Release|Any CPU
		{4F82EFA0-7449-4384-BABA-5FE04B5C178C}.Release|Any CPU.Build.0 = Release|Any CPU
		{56A2F445-474F-4FD5-AD3D-AE6F8BB4DC02}.Debug|Any CPU.ActiveCfg = Debug|Any CPU
		{56A2F445-474F-4FD5-AD3D-AE6F8BB4DC02}.Debug|Any CPU.Build.0 = Debug|Any CPU
		{56A2F445-474F-4FD5-AD3D-AE6F8BB4DC02}.Release|Any CPU.ActiveCfg = Release|Any CPU
		{56A2F445-474F-4FD5-AD3D-AE6F8BB4DC02}.Release|Any CPU.Build.0 = Release|Any CPU
		{0F9DBECD-90BE-480E-B928-BCE82EF0337E}.Debug|Any CPU.ActiveCfg = Debug|Any CPU
		{0F9DBECD-90BE-480E-B928-BCE82EF0337E}.Debug|Any CPU.Build.0 = Debug|Any CPU
		{0F9DBECD-90BE-480E-B928-BCE82EF0337E}.Release|Any CPU.ActiveCfg = Release|Any CPU
		{0F9DBECD-90BE-480E-B928-BCE82EF0337E}.Release|Any CPU.Build.0 = Release|Any CPU
		{68CB9E73-7F35-422C-8A06-88067E2828A1}.Debug|Any CPU.ActiveCfg = Debug|Any CPU
		{68CB9E73-7F35-422C-8A06-88067E2828A1}.Debug|Any CPU.Build.0 = Debug|Any CPU
		{68CB9E73-7F35-422C-8A06-88067E2828A1}.Release|Any CPU.ActiveCfg = Release|Any CPU
		{68CB9E73-7F35-422C-8A06-88067E2828A1}.Release|Any CPU.Build.0 = Release|Any CPU
		{0E941BEA-DD58-4AA5-80CD-74E16F9FD8AA}.Debug|Any CPU.ActiveCfg = Debug|Any CPU
		{0E941BEA-DD58-4AA5-80CD-74E16F9FD8AA}.Debug|Any CPU.Build.0 = Debug|Any CPU
		{0E941BEA-DD58-4AA5-80CD-74E16F9FD8AA}.Release|Any CPU.ActiveCfg = Release|Any CPU
		{0E941BEA-DD58-4AA5-80CD-74E16F9FD8AA}.Release|Any CPU.Build.0 = Release|Any CPU
		{27D626A8-E4E1-4D13-8E4F-4076F326B687}.Debug|Any CPU.ActiveCfg = Debug|Any CPU
		{27D626A8-E4E1-4D13-8E4F-4076F326B687}.Debug|Any CPU.Build.0 = Debug|Any CPU
		{27D626A8-E4E1-4D13-8E4F-4076F326B687}.Release|Any CPU.ActiveCfg = Release|Any CPU
		{27D626A8-E4E1-4D13-8E4F-4076F326B687}.Release|Any CPU.Build.0 = Release|Any CPU
		{DA46CFAF-9273-4316-802B-CC5B7736AA1B}.Debug|Any CPU.ActiveCfg = Debug|Any CPU
		{DA46CFAF-9273-4316-802B-CC5B7736AA1B}.Debug|Any CPU.Build.0 = Debug|Any CPU
		{DA46CFAF-9273-4316-802B-CC5B7736AA1B}.Release|Any CPU.ActiveCfg = Release|Any CPU
		{DA46CFAF-9273-4316-802B-CC5B7736AA1B}.Release|Any CPU.Build.0 = Release|Any CPU
		{7A07CC29-595C-4410-83D2-2AB20D80B68F}.Debug|Any CPU.ActiveCfg = Debug|Any CPU
		{7A07CC29-595C-4410-83D2-2AB20D80B68F}.Debug|Any CPU.Build.0 = Debug|Any CPU
		{7A07CC29-595C-4410-83D2-2AB20D80B68F}.Release|Any CPU.ActiveCfg = Release|Any CPU
		{7A07CC29-595C-4410-83D2-2AB20D80B68F}.Release|Any CPU.Build.0 = Release|Any CPU
		{82264699-328B-424C-AC4A-5334C44C2AF3}.Debug|Any CPU.ActiveCfg = Debug|Any CPU
		{82264699-328B-424C-AC4A-5334C44C2AF3}.Debug|Any CPU.Build.0 = Debug|Any CPU
		{82264699-328B-424C-AC4A-5334C44C2AF3}.Release|Any CPU.ActiveCfg = Release|Any CPU
		{82264699-328B-424C-AC4A-5334C44C2AF3}.Release|Any CPU.Build.0 = Release|Any CPU
		{0E38B46B-D2D3-4486-ADBE-728C5F192236}.Debug|Any CPU.ActiveCfg = Debug|Any CPU
		{0E38B46B-D2D3-4486-ADBE-728C5F192236}.Debug|Any CPU.Build.0 = Debug|Any CPU
		{0E38B46B-D2D3-4486-ADBE-728C5F192236}.Release|Any CPU.ActiveCfg = Release|Any CPU
		{0E38B46B-D2D3-4486-ADBE-728C5F192236}.Release|Any CPU.Build.0 = Release|Any CPU
		{1BB38633-AD30-472E-AEAE-F7DAE1D248D8}.Debug|Any CPU.ActiveCfg = Debug|Any CPU
		{1BB38633-AD30-472E-AEAE-F7DAE1D248D8}.Debug|Any CPU.Build.0 = Debug|Any CPU
		{1BB38633-AD30-472E-AEAE-F7DAE1D248D8}.Release|Any CPU.ActiveCfg = Release|Any CPU
		{1BB38633-AD30-472E-AEAE-F7DAE1D248D8}.Release|Any CPU.Build.0 = Release|Any CPU
		{25AC63CD-8D06-42D5-B7D5-8FEB5315C7D2}.Debug|Any CPU.ActiveCfg = Debug|Any CPU
		{25AC63CD-8D06-42D5-B7D5-8FEB5315C7D2}.Debug|Any CPU.Build.0 = Debug|Any CPU
		{25AC63CD-8D06-42D5-B7D5-8FEB5315C7D2}.Release|Any CPU.ActiveCfg = Release|Any CPU
		{25AC63CD-8D06-42D5-B7D5-8FEB5315C7D2}.Release|Any CPU.Build.0 = Release|Any CPU
		{681FD644-AFC4-450D-B7CC-3B9322F68724}.Debug|Any CPU.ActiveCfg = Debug|Any CPU
		{681FD644-AFC4-450D-B7CC-3B9322F68724}.Debug|Any CPU.Build.0 = Debug|Any CPU
		{681FD644-AFC4-450D-B7CC-3B9322F68724}.Release|Any CPU.ActiveCfg = Release|Any CPU
		{681FD644-AFC4-450D-B7CC-3B9322F68724}.Release|Any CPU.Build.0 = Release|Any CPU
		{37395331-FF45-4657-A223-F5523D97E1DB}.Debug|Any CPU.ActiveCfg = Debug|Any CPU
		{37395331-FF45-4657-A223-F5523D97E1DB}.Debug|Any CPU.Build.0 = Debug|Any CPU
		{37395331-FF45-4657-A223-F5523D97E1DB}.Release|Any CPU.ActiveCfg = Release|Any CPU
		{37395331-FF45-4657-A223-F5523D97E1DB}.Release|Any CPU.Build.0 = Release|Any CPU
		{788A10E7-3A71-459D-9AF4-5EE4F3866248}.Debug|Any CPU.ActiveCfg = Debug|Any CPU
		{788A10E7-3A71-459D-9AF4-5EE4F3866248}.Debug|Any CPU.Build.0 = Debug|Any CPU
		{788A10E7-3A71-459D-9AF4-5EE4F3866248}.Release|Any CPU.ActiveCfg = Release|Any CPU
		{788A10E7-3A71-459D-9AF4-5EE4F3866248}.Release|Any CPU.Build.0 = Release|Any CPU
		{32AB7F5A-C6BA-49B6-BFAC-B98C5CA0ADB2}.Debug|Any CPU.ActiveCfg = Debug|Any CPU
		{32AB7F5A-C6BA-49B6-BFAC-B98C5CA0ADB2}.Debug|Any CPU.Build.0 = Debug|Any CPU
		{32AB7F5A-C6BA-49B6-BFAC-B98C5CA0ADB2}.Release|Any CPU.ActiveCfg = Release|Any CPU
		{32AB7F5A-C6BA-49B6-BFAC-B98C5CA0ADB2}.Release|Any CPU.Build.0 = Release|Any CPU
		{BEA9A7D2-A758-4DC3-ADF3-C577E6A59088}.Debug|Any CPU.ActiveCfg = Debug|Any CPU
		{BEA9A7D2-A758-4DC3-ADF3-C577E6A59088}.Debug|Any CPU.Build.0 = Debug|Any CPU
		{BEA9A7D2-A758-4DC3-ADF3-C577E6A59088}.Release|Any CPU.ActiveCfg = Release|Any CPU
		{BEA9A7D2-A758-4DC3-ADF3-C577E6A59088}.Release|Any CPU.Build.0 = Release|Any CPU
		{E6CF0782-4662-4B54-A91F-FF45DB1F3498}.Debug|Any CPU.ActiveCfg = Debug|Any CPU
		{E6CF0782-4662-4B54-A91F-FF45DB1F3498}.Debug|Any CPU.Build.0 = Debug|Any CPU
		{E6CF0782-4662-4B54-A91F-FF45DB1F3498}.Release|Any CPU.ActiveCfg = Release|Any CPU
		{E6CF0782-4662-4B54-A91F-FF45DB1F3498}.Release|Any CPU.Build.0 = Release|Any CPU
		{9A93B58A-68CA-428E-8E67-C8402E8DE050}.Debug|Any CPU.ActiveCfg = Debug|Any CPU
		{9A93B58A-68CA-428E-8E67-C8402E8DE050}.Debug|Any CPU.Build.0 = Debug|Any CPU
		{9A93B58A-68CA-428E-8E67-C8402E8DE050}.Release|Any CPU.ActiveCfg = Release|Any CPU
		{9A93B58A-68CA-428E-8E67-C8402E8DE050}.Release|Any CPU.Build.0 = Release|Any CPU
		{A9C70775-B249-4C86-AFB6-C4D5DFF122C9}.Debug|Any CPU.ActiveCfg = Debug|Any CPU
		{A9C70775-B249-4C86-AFB6-C4D5DFF122C9}.Debug|Any CPU.Build.0 = Debug|Any CPU
		{A9C70775-B249-4C86-AFB6-C4D5DFF122C9}.Release|Any CPU.ActiveCfg = Release|Any CPU
		{A9C70775-B249-4C86-AFB6-C4D5DFF122C9}.Release|Any CPU.Build.0 = Release|Any CPU
		{709C842E-711D-4D4D-A1F2-7D82651BE9E8}.Debug|Any CPU.ActiveCfg = Debug|Any CPU
		{709C842E-711D-4D4D-A1F2-7D82651BE9E8}.Debug|Any CPU.Build.0 = Debug|Any CPU
		{709C842E-711D-4D4D-A1F2-7D82651BE9E8}.Release|Any CPU.ActiveCfg = Release|Any CPU
		{709C842E-711D-4D4D-A1F2-7D82651BE9E8}.Release|Any CPU.Build.0 = Release|Any CPU
		{E84935E3-EF50-4F6B-82F7-357AC74B6F2F}.Debug|Any CPU.ActiveCfg = Debug|Any CPU
		{E84935E3-EF50-4F6B-82F7-357AC74B6F2F}.Debug|Any CPU.Build.0 = Debug|Any CPU
		{E84935E3-EF50-4F6B-82F7-357AC74B6F2F}.Release|Any CPU.ActiveCfg = Release|Any CPU
		{E84935E3-EF50-4F6B-82F7-357AC74B6F2F}.Release|Any CPU.Build.0 = Release|Any CPU
		{45B7CF93-AE30-43D9-BB7D-54FBA2EF2C85}.Debug|Any CPU.ActiveCfg = Debug|Any CPU
		{45B7CF93-AE30-43D9-BB7D-54FBA2EF2C85}.Debug|Any CPU.Build.0 = Debug|Any CPU
		{45B7CF93-AE30-43D9-BB7D-54FBA2EF2C85}.Release|Any CPU.ActiveCfg = Release|Any CPU
		{45B7CF93-AE30-43D9-BB7D-54FBA2EF2C85}.Release|Any CPU.Build.0 = Release|Any CPU
		{51CD8104-880C-4B4F-8F79-47EDB05E7FEC}.Debug|Any CPU.ActiveCfg = Debug|Any CPU
		{51CD8104-880C-4B4F-8F79-47EDB05E7FEC}.Debug|Any CPU.Build.0 = Debug|Any CPU
		{51CD8104-880C-4B4F-8F79-47EDB05E7FEC}.Release|Any CPU.ActiveCfg = Release|Any CPU
		{51CD8104-880C-4B4F-8F79-47EDB05E7FEC}.Release|Any CPU.Build.0 = Release|Any CPU
		{6CA56A31-2068-4017-94ED-63188BA7C4AD}.Debug|Any CPU.ActiveCfg = Debug|Any CPU
		{6CA56A31-2068-4017-94ED-63188BA7C4AD}.Debug|Any CPU.Build.0 = Debug|Any CPU
		{6CA56A31-2068-4017-94ED-63188BA7C4AD}.Release|Any CPU.ActiveCfg = Release|Any CPU
		{6CA56A31-2068-4017-94ED-63188BA7C4AD}.Release|Any CPU.Build.0 = Release|Any CPU
		{E03B79F5-2E85-4B1C-8F06-8304960DFDC7}.Debug|Any CPU.ActiveCfg = Debug|Any CPU
		{E03B79F5-2E85-4B1C-8F06-8304960DFDC7}.Debug|Any CPU.Build.0 = Debug|Any CPU
		{E03B79F5-2E85-4B1C-8F06-8304960DFDC7}.Release|Any CPU.ActiveCfg = Release|Any CPU
		{E03B79F5-2E85-4B1C-8F06-8304960DFDC7}.Release|Any CPU.Build.0 = Release|Any CPU
		{931724E5-CA1E-43A7-8FDF-93BFFF3430EF}.Debug|Any CPU.ActiveCfg = Debug|Any CPU
		{931724E5-CA1E-43A7-8FDF-93BFFF3430EF}.Debug|Any CPU.Build.0 = Debug|Any CPU
		{931724E5-CA1E-43A7-8FDF-93BFFF3430EF}.Release|Any CPU.ActiveCfg = Release|Any CPU
		{931724E5-CA1E-43A7-8FDF-93BFFF3430EF}.Release|Any CPU.Build.0 = Release|Any CPU
		{11B3E529-1606-49DD-8C3A-B283D654E133}.Debug|Any CPU.ActiveCfg = Debug|Any CPU
		{11B3E529-1606-49DD-8C3A-B283D654E133}.Debug|Any CPU.Build.0 = Debug|Any CPU
		{11B3E529-1606-49DD-8C3A-B283D654E133}.Release|Any CPU.ActiveCfg = Release|Any CPU
		{11B3E529-1606-49DD-8C3A-B283D654E133}.Release|Any CPU.Build.0 = Release|Any CPU
		{7DADD12E-B8D9-4472-9809-6F0804BBF731}.Debug|Any CPU.ActiveCfg = Debug|Any CPU
		{7DADD12E-B8D9-4472-9809-6F0804BBF731}.Debug|Any CPU.Build.0 = Debug|Any CPU
		{7DADD12E-B8D9-4472-9809-6F0804BBF731}.Release|Any CPU.ActiveCfg = Release|Any CPU
		{7DADD12E-B8D9-4472-9809-6F0804BBF731}.Release|Any CPU.Build.0 = Release|Any CPU
		{77AE1457-51BE-401F-823F-FAE38E706575}.Debug|Any CPU.ActiveCfg = Debug|Any CPU
		{77AE1457-51BE-401F-823F-FAE38E706575}.Debug|Any CPU.Build.0 = Debug|Any CPU
		{77AE1457-51BE-401F-823F-FAE38E706575}.Release|Any CPU.ActiveCfg = Release|Any CPU
		{77AE1457-51BE-401F-823F-FAE38E706575}.Release|Any CPU.Build.0 = Release|Any CPU
		{B934ED51-DBCB-4105-8DC4-103D6D8E9F07}.Debug|Any CPU.ActiveCfg = Debug|Any CPU
		{B934ED51-DBCB-4105-8DC4-103D6D8E9F07}.Debug|Any CPU.Build.0 = Debug|Any CPU
		{B934ED51-DBCB-4105-8DC4-103D6D8E9F07}.Release|Any CPU.ActiveCfg = Release|Any CPU
		{B934ED51-DBCB-4105-8DC4-103D6D8E9F07}.Release|Any CPU.Build.0 = Release|Any CPU
		{ADCEC6AA-254D-4932-AEE2-17363A437762}.Debug|Any CPU.ActiveCfg = Debug|Any CPU
		{ADCEC6AA-254D-4932-AEE2-17363A437762}.Debug|Any CPU.Build.0 = Debug|Any CPU
		{ADCEC6AA-254D-4932-AEE2-17363A437762}.Release|Any CPU.ActiveCfg = Release|Any CPU
		{ADCEC6AA-254D-4932-AEE2-17363A437762}.Release|Any CPU.Build.0 = Release|Any CPU
		{8CE74BC1-CF20-45BF-871A-7C7EB64C262C}.Debug|Any CPU.ActiveCfg = Debug|Any CPU
		{8CE74BC1-CF20-45BF-871A-7C7EB64C262C}.Debug|Any CPU.Build.0 = Debug|Any CPU
		{8CE74BC1-CF20-45BF-871A-7C7EB64C262C}.Release|Any CPU.ActiveCfg = Release|Any CPU
		{8CE74BC1-CF20-45BF-871A-7C7EB64C262C}.Release|Any CPU.Build.0 = Release|Any CPU
		{9DE0168F-BF21-4A81-BFD5-9D3E71E53DF4}.Debug|Any CPU.ActiveCfg = Debug|Any CPU
		{9DE0168F-BF21-4A81-BFD5-9D3E71E53DF4}.Debug|Any CPU.Build.0 = Debug|Any CPU
		{9DE0168F-BF21-4A81-BFD5-9D3E71E53DF4}.Release|Any CPU.ActiveCfg = Release|Any CPU
		{9DE0168F-BF21-4A81-BFD5-9D3E71E53DF4}.Release|Any CPU.Build.0 = Release|Any CPU
		{BC88BBF4-CE56-458D-9AB5-955E0BE734C2}.Debug|Any CPU.ActiveCfg = Debug|Any CPU
		{BC88BBF4-CE56-458D-9AB5-955E0BE734C2}.Debug|Any CPU.Build.0 = Debug|Any CPU
		{BC88BBF4-CE56-458D-9AB5-955E0BE734C2}.Release|Any CPU.ActiveCfg = Release|Any CPU
		{BC88BBF4-CE56-458D-9AB5-955E0BE734C2}.Release|Any CPU.Build.0 = Release|Any CPU
		{3BBA050F-EDB2-495A-987C-65C8C7DF6649}.Debug|Any CPU.ActiveCfg = Debug|Any CPU
		{3BBA050F-EDB2-495A-987C-65C8C7DF6649}.Debug|Any CPU.Build.0 = Debug|Any CPU
		{3BBA050F-EDB2-495A-987C-65C8C7DF6649}.Release|Any CPU.ActiveCfg = Release|Any CPU
		{3BBA050F-EDB2-495A-987C-65C8C7DF6649}.Release|Any CPU.Build.0 = Release|Any CPU
		{A9BCCABF-5DD3-4456-8152-A1B184ED0AF6}.Debug|Any CPU.ActiveCfg = Debug|Any CPU
		{A9BCCABF-5DD3-4456-8152-A1B184ED0AF6}.Debug|Any CPU.Build.0 = Debug|Any CPU
		{A9BCCABF-5DD3-4456-8152-A1B184ED0AF6}.Release|Any CPU.ActiveCfg = Release|Any CPU
		{A9BCCABF-5DD3-4456-8152-A1B184ED0AF6}.Release|Any CPU.Build.0 = Release|Any CPU
		{69D71114-759E-4E60-9C7B-DBE8E7831E2C}.Debug|Any CPU.ActiveCfg = Debug|Any CPU
		{69D71114-759E-4E60-9C7B-DBE8E7831E2C}.Debug|Any CPU.Build.0 = Debug|Any CPU
		{69D71114-759E-4E60-9C7B-DBE8E7831E2C}.Release|Any CPU.ActiveCfg = Release|Any CPU
		{69D71114-759E-4E60-9C7B-DBE8E7831E2C}.Release|Any CPU.Build.0 = Release|Any CPU
		{24F44D0A-73EE-42AC-9265-6161D0E11543}.Debug|Any CPU.ActiveCfg = Debug|Any CPU
		{24F44D0A-73EE-42AC-9265-6161D0E11543}.Debug|Any CPU.Build.0 = Debug|Any CPU
		{24F44D0A-73EE-42AC-9265-6161D0E11543}.Release|Any CPU.ActiveCfg = Release|Any CPU
		{24F44D0A-73EE-42AC-9265-6161D0E11543}.Release|Any CPU.Build.0 = Release|Any CPU
		{6FAB8781-0901-4635-AAC7-6AAD4A6F0F68}.Debug|Any CPU.ActiveCfg = Debug|Any CPU
		{6FAB8781-0901-4635-AAC7-6AAD4A6F0F68}.Debug|Any CPU.Build.0 = Debug|Any CPU
		{6FAB8781-0901-4635-AAC7-6AAD4A6F0F68}.Release|Any CPU.ActiveCfg = Release|Any CPU
		{6FAB8781-0901-4635-AAC7-6AAD4A6F0F68}.Release|Any CPU.Build.0 = Release|Any CPU
		{70E2CD37-21D4-45BD-933D-E9E0F469FB1F}.Debug|Any CPU.ActiveCfg = Debug|Any CPU
		{70E2CD37-21D4-45BD-933D-E9E0F469FB1F}.Debug|Any CPU.Build.0 = Debug|Any CPU
		{70E2CD37-21D4-45BD-933D-E9E0F469FB1F}.Release|Any CPU.ActiveCfg = Release|Any CPU
		{70E2CD37-21D4-45BD-933D-E9E0F469FB1F}.Release|Any CPU.Build.0 = Release|Any CPU
	EndGlobalSection
	GlobalSection(SolutionProperties) = preSolution
		HideSolutionNode = FALSE
	EndGlobalSection
EndGlobal
